
Microsoft Visual Studio Solution File, Format Version 12.00
# Visual Studio Version 16
VisualStudioVersion = 16.0.30002.166
MinimumVisualStudioVersion = 10.0.40219.1
Project("{FAE04EC0-301F-11D3-BF4B-00C04F79EFBC}") = "SAWCON", "SAWCON.csproj", "{574F5F66-310B-42F3-8715-ABE4104816C6}"
EndProject
Global
	GlobalSection(SolutionConfigurationPlatforms) = preSolution
		Debug|Any CPU = Debug|Any CPU
		Release|Any CPU = Release|Any CPU
	EndGlobalSection
	GlobalSection(ProjectConfigurationPlatforms) = postSolution
		{574F5F66-310B-42F3-8715-ABE4104816C6}.Debug|Any CPU.ActiveCfg = Debug|Any CPU
		{574F5F66-310B-42F3-8715-ABE4104816C6}.Debug|Any CPU.Build.0 = Debug|Any CPU
		{574F5F66-310B-42F3-8715-ABE4104816C6}.Release|Any CPU.ActiveCfg = Release|Any CPU
		{574F5F66-310B-42F3-8715-ABE4104816C6}.Release|Any CPU.Build.0 = Release|Any CPU
	EndGlobalSection
	GlobalSection(SolutionProperties) = preSolution
		HideSolutionNode = FALSE
	EndGlobalSection
	GlobalSection(ExtensibilityGlobals) = postSolution
		SolutionGuid = {C87F567B-550A-4417-8CE5-9FE6C7EF4B07}
	EndGlobalSection
EndGlobal
